version = 1
revision = 3
requires-python = ">=3.14"

[[package]]
name = "colorama"
version = "0.4.6"
source = { registry = "https://pypi.org/simple" }
sdist = { url = "https://files.pythonhosted.org/packages/d8/53/6f443c9a4a8358a93a6792e2acffb9d9d5cb0a5cfd8802644b7b1c9a02e4/colorama-0.4.6.tar.gz", hash = "sha256:08695f5cb7ed6e0531a20572697297273c47b8cae5a63ffc6d6ed5c201be6e44", size = 27697, upload-time = "2022-10-25T02:36:22.414Z" }
wheels = [
    { url = "https://files.pythonhosted.org/packages/d1/d6/3965ed04c63042e047cb6a3e6ed1a63a35087b6a609aa3a15ed8ac56c221/colorama-0.4.6-py2.py3-none-any.whl", hash = "sha256:4f1d9991f5acc0ca119f9d443620b77f9d6b33703e51011c16baf57afb285fc6", size = 25335, upload-time = "2022-10-25T02:36:20.889Z" },
]

[[package]]
name = "iniconfig"
version = "2.3.0"
source = { registry = "https://pypi.org/simple" }
sdist = { url = "https://files.pythonhosted.org/packages/72/34/14ca021ce8e5dfedc35312d08ba8bf51fdd999c576889fc2c24cb97f4f10/iniconfig-2.3.0.tar.gz", hash = "sha256:c76315c77db068650d49c5b56314774a7804df16fee4402c1f19d6d15d8c4730", size = 20503, upload-time = "2025-10-18T21:55:43.219Z" }
wheels = [
    { url = "https://files.pythonhosted.org/packages/cb/b1/3846dd7f199d53cb17f49cba7e651e9ce294d8497c8c150530ed11865bb8/iniconfig-2.3.0-py3-none-any.whl", hash = "sha256:f631c04d2c48c52b84d0d0549c99ff3859c98df65b3101406327ecc7d53fbf12", size = 7484, upload-time = "2025-10-18T21:55:41.639Z" },
]

[[package]]
name = "lxml"
version = "6.1.3"
source = { registry = "https://pypi.org/simple" }
sdist = { url = "https://files.pythonhosted.org/packages/23/ad/28ecd7cb894d172f3c9c80a075eeeb2017ac62e3632cee05a5f9493547eb/lxml-6.1.3.tar.gz", hash = "sha256:45222d94ddd511536f3b2f7d9deae3b2339b4ce0f075f1ca25703b07cad9dd21", size = 4211198, upload-time = "2026-09-02T14:48:02.287Z" }
wheels = [
    { url = "https://files.pythonhosted.org/packages/0c/15/fc75a70b0af6021d0ea16811f1fc71cc42cd06ce90fe10f007a69b2eed84/lxml-6.1.3-cp314-cp314-macosx_10_15_universal2.whl", hash = "sha256:2bec13085dc8ef48a3fe62f7dfcacfeda2c785cdf19cc8eeda2bb9ed081da165", size = 8609725, upload-time = "2026-09-02T14:49:00.156Z" },
    { url = "https://files.pythonhosted.org/packages/84/ef/398fcf9018f881ec9aeaafae1ddd6586dfb13314a35d35e899de373dcae0/lxml-6.1.3-cp314-cp314-macosx_10_15_x86_64.whl", hash = "sha256:4f4db7c7e954d289d71878938348b3d91b904a3e8210a11939359fb758a58e7d", size = 4639629, upload-time = "2026-09-02T14:49:02.81Z" },
    { url = "https://files.pythonhosted.org/packages/a7/2d/49b6a6ad7ce8f64b07b9fe852ff0c6d3fcbb26db61bee4f63d4120180a1c/lxml-6.1.3-cp314-cp314-manylinux2014_aarch64.manylinux_2_17_aarch64.whl", hash = "sha256:2cae5d5c90a62d9139c512a0cb1aad1d182b022b5740daea2617eb5bf7fc658e", size = 4965074, upload-time = "2026-09-02T14:49:05.133Z" },
    { url = "https://files.pythonhosted.org/packages/66/bc/6230cf80e4331c33383b0b6b73dc31a393dd76edd4cb73d761de5123034d/lxml-6.1.3-cp314-cp314-manylinux2014_x86_64.manylinux_2_17_x86_64.whl", hash = "sha256:c6c0c13128a32eb04a51357e56a094e13aa8e6d3d1884de2e9ae923f6915e1a8", size = 5099355, upload-time = "2026-09-02T14:49:07.343Z" },
    { url = "https://files.pythonhosted.org/packages/ac/cf/d1143d9b7717e07a82f158a1fc9ce6e581fdad1226734950af869e3ffde4/lxml-6.1.3-cp314-cp314-manylinux_2_26_aarch64.manylinux_2_28_aarch64.whl", hash = "sha256:2221e88679d1351e9a40aaee54bc65679b9795bbd0160bc3d5e36b163344eb75", size = 5036795, upload-time = "2026-09-02T14:49:09.65Z" },
    { url = "https://files.pythonhosted.org/packages/31/6f/194bb00ffb89712c30f5a7e1b8e685590e140fad6c8261fec172c09a3dc0/lxml-6.1.3-cp314-cp314-manylinux_2_26_ppc64le.manylinux_2_28_ppc64le.whl", hash = "sha256:cfb398886a7eb4c719161c3efcff2a1248febc53a4d8e5072d2d8a87fed84ac9", size = 5658740, upload-time = "2026-09-02T14:49:11.9Z" },
    { url = "https://files.pythonhosted.org/packages/e9/44/27e3cee3dcdb3b7bc09727b642bdbfcd098490ea77df04611db9060d7722/lxml-6.1.3-cp314-cp314-manylinux_2_26_x86_64.manylinux_2_28_x86_64.whl", hash = "sha256:a7eb78ba28b187e1e9203a55c60fcf70df2d22cb205fe6d51b9383d6097419f0", size = 5245991, upload-time = "2026-09-02T14:49:14.154Z" },
    { url = "https://files.pythonhosted.org/packages/ca/e9/8312560579fc980bbd2233a8a673cc46f7d613d3633f2bf08a21e8f4ad13/lxml-6.1.3-cp314-cp314-manylinux_2_28_i686.whl", hash = "sha256:ea6b1e9105b4b24a34c722432d9fb578f9ed83af21fa1abda639011e0f22bbb6", size = 5354136, upload-time = "2026-09-02T14:49:16.459Z" },
    { url = "https://files.pythonhosted.org/packages/74/d8/eda60f4f73a9c780b5d6e1175484f66e6c81a2c93346e2906a1fec9c7a02/lxml-6.1.3-cp314-cp314-manylinux_2_31_armv7l.whl", hash = "sha256:e8b17e23df3e827a69d25af70990ca2420e92668aaffaeeb3cd2351d7916a023", size = 4704379, upload-time = "2026-09-02T14:49:19.032Z" },
    { url = "https://files.pythonhosted.org/packages/ba/c8/c9cc60057be78ac34bd2b842e45e6e88edbfe5e532e82c3b82381b7aab49/lxml-6.1.3-cp314-cp314-manylinux_2_38_riscv64.manylinux_2_39_riscv64.whl", hash = "sha256:1b7c37339d7e75cab9a123a04248e243cefefb302ad6db566ea0c77cbcde421e", size = 5258676, upload-time = "2026-09-02T14:49:21.306Z" },
    { url = "https://files.pythonhosted.org/packages/41/7b/66894008fee8d1785b8db129747ae963fd427b68f456918df7f2f24a8b98/lxml-6.1.3-cp314-cp314-musllinux_1_2_aarch64.whl", hash = "sha256:83e3a51e7933db700a0da0db31849db3a24022d9970da9bb73001e1d0326fd92", size = 5090069, upload-time = "2026-09-02T14:49:23.562Z" },
    { url = "https://files.pythonhosted.org/packages/8b/31/c1b60404859f4c3cd1f41f29c65a24e25cea78fde822d9574a21f66810be/lxml-6.1.3-cp314-cp314-musllinux_1_2_armv7l.whl", hash = "sha256:9bde9ae026a55b9a192078dfa6e27dd0ca4a050171ab6272e92f97b757dfdf48", size = 4741958, upload-time = "2026-09-02T14:49:26.037Z" },
    { url = "https://files.pythonhosted.org/packages/23/b8/6285f0cf546f14da2554cabdeaf7c2c2ff3190c74807f0de2e8810a786f9/lxml-6.1.3-cp314-cp314-musllinux_1_2_ppc64le.whl", hash = "sha256:1a635e837b50a1819bebfedaac5916498ea024120969da8790500148fb0a894d", size = 5683245, upload-time = "2026-09-02T14:49:28.438Z" },
    { url = "https://files.pythonhosted.org/packages/d3/f6/2168cab44336dcb15fed0f0b78577225b83297cdf0dee349c95420c3dcb0/lxml-6.1.3-cp314-cp314-musllinux_1_2_riscv64.whl", hash = "sha256:d0c5c362bc94f1929dc7e96e715bbe7bd17037f802e6d8f0d1545df9133c0559", size = 5246087, upload-time = "2026-09-02T14:49:30.955Z" },
    { url = "https://files.pythonhosted.org/packages/f5/89/32f5de69a0a31f30e6164981851f87b37ecb2c4ee838e504b88d49d4818e/lxml-6.1.3-cp314-cp314-musllinux_1_2_x86_64.whl", hash = "sha256:c59e4265608da6a041f54646ecc0c9ecdbb19aaf14c4c684bb6c2114998cc415", size = 5269352, upload-time = "2026-09-02T14:49:33.502Z" },
    { url = "https://files.pythonhosted.org/packages/a2/a1/741d952ed3a7ef7a50055c6415aec3f067015e97f72f4389ce77b09657ba/lxml-6.1.3-cp314-cp314-win32.whl", hash = "sha256:2e62c569ec7531b679b184cbfe335c501c1d13c4b363560013019962eb630e6d", size = 3662783, upload-time = "2026-09-02T14:50:23.751Z" },
    { url = "https://files.pythonhosted.org/packages/0f/bc/5811cc73cac05e324e05ba9b0924e1a163a317a167ede8a9c748b11db30a/lxml-6.1.3-cp314-cp314-win_amd64.whl", hash = "sha256:66299564c046bc7e0cc5de5106601eae907e9fa5904cd68a323380a8502f7861", size = 4073951, upload-time = "2026-09-02T14:50:26.348Z" },
    { url = "https://files.pythonhosted.org/packages/92/18/3768c8b01ac3a9bed1914715e6011711b00e2a11628ffa6f7fa37f8e0269/lxml-6.1.3-cp314-cp314-win_arm64.whl", hash = "sha256:ebd054ad1737a68fb7c5c073d405cef2b88bb824e294de3b4a4e995b47f0e376", size = 3749279, upload-time = "2026-09-02T14:50:28.749Z" },
    { url = "https://files.pythonhosted.org/packages/72/38/84684784738d9451db2b330de2483f496690c3a5c642071df24135739b37/lxml-6.1.3-cp314-cp314t-macosx_10_15_universal2.whl", hash = "sha256:5a143e6207579de8baeded4eaac9134413200359f1969d636f0bfb98ee8c3c8f", size = 8860296, upload-time = "2026-09-02T14:49:36.346Z" },
    { url = "https://files.pythonhosted.org/packages/24/b7/fc4c50bb1b38e864010ea396046cabe85129bf9e65b11edcfbc37d356241/lxml-6.1.3-cp314-cp314t-macosx_10_15_x86_64.whl", hash = "sha256:a1cec0f99b9b914d39176347a93b7610dc09324491aee1cbc57cd291a41a1d55", size = 4755190, upload-time = "2026-09-02T14:49:39.872Z" },
    { url = "https://files.pythonhosted.org/packages/94/e2/ee9aa6ed2b666b2db1f6f7fd48964ff9da39ebe827ef5eac0ab881f639d9/lxml-6.1.3-cp314-cp314t-manylinux2014_aarch64.manylinux_2_17_aarch64.whl", hash = "sha256:f6b9d2aad499c769ee8287609ab0e6de99d8bcea99c6e6c2e64945259fd52fb2", size = 4979517, upload-time = "2026-09-02T14:49:42.153Z" },
    { url = "https://files.pythonhosted.org/packages/29/e3/e7763d1661b283ddd4fa36f91b9a497db6b8d2aff55028b16c7f642e0755/lxml-6.1.3-cp314-cp314t-manylinux2014_x86_64.manylinux_2_17_x86_64.whl", hash = "sha256:28a23fefdb345b2d4d0ff2860571b5ff9a89a28b6a120f720e8fb0324d346626", size = 5115270, upload-time = "2026-09-02T14:49:44.493Z" },
    { url = "https://files.pythonhosted.org/packages/2d/cd/22205d5b4d177e3f4156f780412426ee7c7f8107809f119f0dcc40fa51e3/lxml-6.1.3-cp314-cp314t-manylinux_2_26_aarch64.manylinux_2_28_aarch64.whl", hash = "sha256:545ccc14fb05485f48b4439ec35beb16d5b5280eb6c81c658bd4707a2a119414", size = 5032449, upload-time = "2026-09-02T14:49:46.841Z" },
    { url = "https://files.pythonhosted.org/packages/da/43/06a4626c3bb79ef8c501b674afab8100d64e798665bb2a97d1c960636a49/lxml-6.1.3-cp314-cp314t-manylinux_2_26_ppc64le.manylinux_2_28_ppc64le.whl", hash = "sha256:93476b6514b373fc6ca67d26c442784f7807c86f00635bfe79f935c3eab2af17", size = 5603325, upload-time = "2026-09-02T14:49:49.664Z" },
    { url = "https://files.pythonhosted.org/packages/d0/9c/733682a0c2de9f5779ba207bbb3f3f6be8c6bda863fc01739b186b38783a/lxml-6.1.3-cp314-cp314t-manylinux_2_26_x86_64.manylinux_2_28_x86_64.whl", hash = "sha256:8db38ff3fb7aee7d6a82ae4da2eef1178656fe1216841fbd24870062a9d60473", size = 5229023, upload-time = "2026-09-02T14:49:52.447Z" },
    { url = "https://files.pythonhosted.org/packages/c6/8a/e69cdaca3fd33a647942925664f01b20908d41a6968c182305be9c38fb11/lxml-6.1.3-cp314-cp314t-manylinux_2_28_i686.whl", hash = "sha256:25f4118c438f96bb466e83108506d03d5c31b1bd2387e83e5b070bda6ded9c37", size = 5317811, upload-time = "2026-09-02T14:49:55.25Z" },
    { url = "https://files.pythonhosted.org/packages/2e/b2/0c397588174403c2ab68fc464abf97e03e7324f9c6cb6a99023104707195/lxml-6.1.3-cp314-cp314t-manylinux_2_31_armv7l.whl", hash = "sha256:1beb0f9909b26cee938df9ba56b15252a84429b1fc30ce6fca161390b9789a70", size = 4646516, upload-time = "2026-09-02T14:49:57.761Z" },
    { url = "https://files.pythonhosted.org/packages/56/7e/cfea25afafbe49db8b225764f7f74bb37c2a7f5e717d917d3d4a5e098ed4/lxml-6.1.3-cp314-cp314t-manylinux_2_38_riscv64.manylinux_2_39_riscv64.whl", hash = "sha256:3a27ac6c780c8b8a1cd231b58407634cafc1c4cc28cd6c7141362df0f36351e7", size = 5240626, upload-time = "2026-09-02T14:50:00.279Z" },
    { url = "https://files.pythonhosted.org/packages/a1/75/7a587771bb52ebb0e2c57b6dbe9fd96a70fbb54d72ddd97d54c5f8ec18d5/lxml-6.1.3-cp314-cp314t-musllinux_1_2_aarch64.whl", hash = "sha256:a1932d7ce78a561367512c594fe66eac2b2ec9b9264cfd9b5f950622f4a116e2", size = 5086619, upload-time = "2026-09-02T14:50:03.245Z" },
    { url = "https://files.pythonhosted.org/packages/1e/01/94c0ebe6d831861542d251e038052e52bf6d33f1d18f1cfffdc82851065a/lxml-6.1.3-cp314-cp314t-musllinux_1_2_armv7l.whl", hash = "sha256:7d0f5976aa2701996f759b30172925829867547bb073af0ae67d1307a0f0262c", size = 4758828, upload-time = "2026-09-02T14:50:05.873Z" },
    { url = "https://files.pythonhosted.org/packages/1f/f1/938d67bd0e5b1fdfa52be28aefdffbad57e1f6b8e921c2aab88542c75f40/lxml-6.1.3-cp314-cp314t-musllinux_1_2_ppc64le.whl", hash = "sha256:c5e7ce578aa8a80910a72a8ca0bbea3baae10100827249001999726a788456d8", size = 5627083, upload-time = "2026-09-02T14:50:08.555Z" },
    { url = "https://files.pythonhosted.org/packages/d8/65/4e51522f6c214650db0abb7b16ccd11b1238b8a05a8d59aa4ebed59c9f67/lxml-6.1.3-cp314-cp314t-musllinux_1_2_riscv64.whl", hash = "sha256:d97c5227621af74b111882a290b10f371780a38eef9d9e730408fba2259b52fb", size = 5235170, upload-time = "2026-09-02T14:50:11.255Z" },
    { url = "https://files.pythonhosted.org/packages/92/c2/e73d19365665f6b16ef84df21199befc3b06e4c539046ad2d9595f6fb9ea/lxml-6.1.3-cp314-cp314t-musllinux_1_2_x86_64.whl", hash = "sha256:da707f14ea3c35ee463d50acd596d6488e4b2b4ae7cf77a5bf93f55c023d63e8", size = 5252273, upload-time = "2026-09-02T14:50:13.782Z" },
    { url = "https://files.pythonhosted.org/packages/48/a9/7f386c84c9fe2854e1ca6e231c285e1c8f392971ac353c6865e6ec49faff/lxml-6.1.3-cp314-cp314t-win32.whl", hash = "sha256:9efe56a68179f3adc4de41861c9358931db03837c48dd5e1c78077b84dd07f3a", size = 3902712, upload-time = "2026-09-02T14:50:16.171Z" },
    { url = "https://files.pythonhosted.org/packages/82/a6/8a3eb793f7900ef01c7f99e6f5fcbcfbdff35251cfaef66b32a4c16352d6/lxml-6.1.3-cp314-cp314t-win_amd64.whl", hash = "sha256:c9389b3784b56c58d933b5e0aecdf28f901b073ff385358d8a7d40907f6e14b2", size = 4400979, upload-time = "2026-09-02T14:50:18.621Z" },
    { url = "https://files.pythonhosted.org/packages/cc/c4/3807bea283b4fe9e9d9f5dde46a73df91178472b335d2778e10b2a37aa22/lxml-6.1.3-cp314-cp314t-win_arm64.whl", hash = "sha256:32a409be3190b088f960ac92bfedfbef2f86c49ff940765e1548177592d20026", size = 3823401, upload-time = "2026-09-02T14:50:21.119Z" },
    { url = "https://files.pythonhosted.org/packages/e1/8e/4614fcd65496054cfb7172662f3576a59200278739506433b8c241ea422a/lxml-6.1.3-cp315-cp315-macosx_10_15_universal2.whl", hash = "sha256:6ea2f13dce778ca072ccee598bca46a092ce192e8fd907b6c1f0e52c800529a0", size = 8609378, upload-time = "2026-09-02T14:50:31.772Z" },
    { url = "https://files.pythonhosted.org/packages/f2/51/2cdce3c65fa99a6195dd8fbd512d33407c1000ad99f63e0a285b63d7a8eb/lxml-6.1.3-cp315-cp315-macosx_10_15_x86_64.whl", hash = "sha256:c581b1d68b3845fb86c6b2983e755b29bf001461c59fa411d2c26a911b6559a9", size = 4640022, upload-time = "2026-09-02T14:50:34.41Z" },
    { url = "https://files.pythonhosted.org/packages/52/09/0b30084e9eb1c546a4be3d9c56df70058d116b1a320400a59b0f7da87bf0/lxml-6.1.3-cp315-cp315-manylinux_2_26_aarch64.manylinux_2_28_aarch64.whl", hash = "sha256:2e01125896585139453cab8cb235893644d8815d7509520da95ae3ee8d1c1f79", size = 5037928, upload-time = "2026-09-02T14:50:37.007Z" },
    { url = "https://files.pythonhosted.org/packages/b8/0e/5c37275a3e361f6138dc06db748ea565c1fe8a5f4ee5e2ddd80047c81a89/lxml-6.1.3-cp315-cp315-manylinux_2_26_ppc64le.manylinux_2_28_ppc64le.whl", hash = "sha256:290f66b97ede0e552e1cb44a0fd8a74f9753ee635b50830a0b122fb72788d015", size = 5661932, upload-time = "2026-09-02T14:50:39.777Z" },
    { url = "https://files.pythonhosted.org/packages/70/c5/b71ffb289b15e2642e2a3cf6d468c44da39ea119061a99e5b05e3d10f217/lxml-6.1.3-cp315-cp315-manylinux_2_26_x86_64.manylinux_2_28_x86_64.whl", hash = "sha256:73fc05988ed20809450474ba760a87c8ad4e455fc09783c02195e56ec634b41a", size = 5249209, upload-time = "2026-09-02T14:50:42.141Z" },
    { url = "https://files.pythonhosted.org/packages/81/ea/9910da149a23932f9301652e57661cd9e42b0df18f12be21159b7255f92b/lxml-6.1.3-cp315-cp315-manylinux_2_31_armv7l.whl", hash = "sha256:dc3a44689eea43eab836e5c98a8ab015dc2419987d1ea6eafc7c590cdff86bed", size = 4704543, upload-time = "2026-09-02T14:50:44.634Z" },
    { url = "https://files.pythonhosted.org/packages/76/07/9290329cd188c62e22021f79df04ee0cc33d9a93b0d38bd65ccd452ad9d0/lxml-6.1.3-cp315-cp315-manylinux_2_38_riscv64.manylinux_2_39_riscv64.whl", hash = "sha256:209c3ccbfe35a04ac6d24f0611f9d1cbf8025d49991b14acd935236234d6c156", size = 5261298, upload-time = "2026-09-02T14:50:47.301Z" },
    { url = "https://files.pythonhosted.org/packages/c9/0c/aba78bd3401cd99b73a0aed8e2b9b43e14be94fab3603d4bbc8a62365f2a/lxml-6.1.3-cp315-cp315-musllinux_1_2_aarch64.whl", hash = "sha256:2f5b2a2b9811b853b39bfa41367c6d78747b8e3e80e07fc5a24aae295c1a4d7d", size = 5090453, upload-time = "2026-09-02T14:50:49.952Z" },
    { url = "https://files.pythonhosted.org/packages/8d/dc/fa4426c3355aa0216cbeb3911495b5f65a26e0df85859a89928fe28f0396/lxml-6.1.3-cp315-cp315-musllinux_1_2_armv7l.whl", hash = "sha256:6a406d0b3cb207b0fa460ed4dc93e866f44f105da0169361cb18ff998a44c7f0", size = 4744709, upload-time = "2026-09-02T14:50:52.394Z" },
    { url = "https://files.pythonhosted.org/packages/be/2b/224fe7918658ab7c532ac2412f3c1eb28f71e6364fb07566262d0cc6a7b6/lxml-6.1.3-cp315-cp315-musllinux_1_2_ppc64le.whl", hash = "sha256:53258656846f5c48996b882fb4b135885e088a3ad3d96b4bc0530f95124d1f69", size = 5685802, upload-time = "2026-09-02T14:50:55.043Z" },
    { url = "https://files.pythonhosted.org/packages/21/44/7d480819b9adcae5f84dd8ac529132c6b7a578544398225cd20321adcd91/lxml-6.1.3-cp315-cp315-musllinux_1_2_riscv64.whl", hash = "sha256:aa633613ff907ea91b9b0489a1f0da1b8725d8c6ccec6b77e8a1c9c235044bb0", size = 5249019, upload-time = "2026-09-02T14:50:57.985Z" },
    { url = "https://files.pythonhosted.org/packages/72/83/385a267ea1b6b283f2249dd827ef360a295e9db14e13ef4665a120c60d64/lxml-6.1.3-cp315-cp315-musllinux_1_2_x86_64.whl", hash = "sha256:90f709b9accab6b2e4d14f5c8718203877a0486bcb3afd74d8b539ecd1e961d4", size = 5271886, upload-time = "2026-09-02T14:51:01.667Z" },
    { url = "https://files.pythonhosted.org/packages/d8/0d/f967b0eb172ae876855a402d6d9b11fa86e3e0c89ca9bbfeadf7ffbfa719/lxml-6.1.3-cp315-cp315-win32.whl", hash = "sha256:b4fc6b03b9d9d90557274f571ab30e7fbbfc527955536935d96f98b6817a86e4", size = 3662894, upload-time = "2026-09-02T14:51:45.173Z" },
    { url = "https://files.pythonhosted.org/packages/f4/48/d8a8c4160a29e663109ad520bac2deb37fcd014756d024561e8bc3e611ec/lxml-6.1.3-cp315-cp315-win_amd64.whl", hash = "sha256:33cadd956b667997e4de1635fce9541f2e8ede2038fcde8cf55aa14d571d1bad", size = 4074626, upload-time = "2026-09-02T14:51:47.77Z" },
    { url = "https://files.pythonhosted.org/packages/25/20/3e1395d34d19f9254625d0b567b81cf70d37d3417be074f4d63b94a2be3c/lxml-6.1.3-cp315-cp315-win_arm64.whl", hash = "sha256:8a330c0ee5fa318c7b5cbbaad882baeca3f570357e7eb25ab34bf31008150758", size = 3749495, upload-time = "2026-09-02T14:51:50.663Z" },
    { url = "https://files.pythonhosted.org/packages/8f/c6/7465ffd9c43883526a382df6fa4846c9d8d419214f7effbf65270e795471/lxml-6.1.3-cp315-cp315t-macosx_10_15_universal2.whl", hash = "sha256:0bf5a3e397df2ec4258eb5eea4c1ac6cf013ca1abd04a176903bff20a70021fe", size = 8857677, upload-time = "2026-09-02T14:51:05.109Z" },
    { url = "https://files.pythonhosted.org/packages/ed/eb/1f3a917e299df43c8162c3e6f64fc2cea3bcf277910f35bff5b8e5d39901/lxml-6.1.3-cp315-cp315t-macosx_10_15_x86_64.whl", hash = "sha256:13d22c0d57355366b393936acf6b98a5e0edeadddd3fccbc6a846c50a76b8741", size = 4754522, upload-time = "2026-09-02T14:51:08.137Z" },
    { url = "https://files.pythonhosted.org/packages/d7/f9/f81b4bdb6efb7a596be29603d8758154d00a5f545db9f3cef9d9041c8f64/lxml-6.1.3-cp315-cp315t-manylinux_2_26_aarch64.manylinux_2_28_aarch64.whl", hash = "sha256:cad7617727a96d189bd6f979d0fadf765198c7934e85f4edaba9bf3ad919a300", size = 5033744, upload-time = "2026-09-02T14:51:10.633Z" },
    { url = "https://files.pythonhosted.org/packages/c8/0f/26d9bfaacb319c86e0eca8a1a0bf1130d36a7afbd318883e23caea63763d/lxml-6.1.3-cp315-cp315t-manylinux_2_26_ppc64le.manylinux_2_28_ppc64le.whl", hash = "sha256:cae82b5ca24b0c2beedb269f6e2a96f466acd926879ab00ae19f1a65cbf9ffb0", size = 5615269, upload-time = "2026-09-02T14:51:13.357Z" },
    { url = "https://files.pythonhosted.org/packages/5d/90/73675f3f4141350ed65d6fec533b107d4e802c5caa340cf111771edd86e0/lxml-6.1.3-cp315-cp315t-manylinux_2_26_x86_64.manylinux_2_28_x86_64.whl", hash = "sha256:69cafd61aea04ebb3502c93c2aaa568b12931ca0802231e0b5de76bf8b6e74bd", size = 5236280, upload-time = "2026-09-02T14:51:16.051Z" },
    { url = "https://files.pythonhosted.org/packages/fd/be/ed260767e7977de463a0f91f3f4fffcab85c0a2a024a21ffe1fa442c2c79/lxml-6.1.3-cp315-cp315t-manylinux_2_31_armv7l.whl", hash = "sha256:dc205732d593118cf701d986f40e9de7801bb2e371cb189ddbda9b7348f4d97e", size = 4650718, upload-time = "2026-09-02T14:51:19.102Z" },
    { url = "https://files.pythonhosted.org/packages/d0/fd/e9839d03b1e767f2725cf7d7d81b80d5f3f9fdc10ad8827e2479311b046e/lxml-6.1.3-cp315-cp315t-manylinux_2_38_riscv64.manylinux_2_39_riscv64.whl", hash = "sha256:88e719b9437f148f7e1465df845c758dd1598618cbea3a2fd1e61a715542f2b2", size = 5243376, upload-time = "2026-09-02T14:51:21.606Z" },
    { url = "https://files.pythonhosted.org/packages/34/a5/4606e347e2788c301f677004aa83e28d24da9fe663a24380122af57be6fc/lxml-6.1.3-cp315-cp315t-musllinux_1_2_aarch64.whl", hash = "sha256:40983eabefd13da003e68170928c7acc011f0d095eefce5871a3c71c9385fb9a", size = 5092340, upload-time = "2026-09-02T14:51:24.21Z" },
    { url = "https://files.pythonhosted.org/packages/ea/99/3314a8661cdf30f493c55a87db283961dfaae08451976a2ca418958e1804/lxml-6.1.3-cp315-cp315t-musllinux_1_2_armv7l.whl", hash = "sha256:fad67b12ffe0f71e02b4932b04883cbc76a9072bbd30731409d3523cf058b011", size = 4758768, upload-time = "2026-09-02T14:51:26.813Z" },
    { url = "https://files.pythonhosted.org/packages/30/58/3bdc577f78ea8b7d72d39a84506f7001d5b28728f43e5b84891e3b7d9a4a/lxml-6.1.3-cp315-cp315t-musllinux_1_2_ppc64le.whl", hash = "sha256:6cd11e7550d89e551a87dcec30f04b1fca32e86b68708aa01a4daa455d8605e5", size = 5649546, upload-time = "2026-09-02T14:51:29.453Z" },
    { url = "https://files.pythonhosted.org/packages/6a/e4/652633de1a2395949ebb7a8fc7d089aba12a2b45f0fefbc9d29e3e3ab3cf/lxml-6.1.3-cp315-cp315t-musllinux_1_2_riscv64.whl", hash = "sha256:ca0ec532ad2f5ba1e5ec120ac157769c57f01855b3d8bf37213f5d88abd9ba0a", size = 5234874, upload-time = "2026-09-02T14:51:32.262Z" },
    { url = "https://files.pythonhosted.org/packages/65/a6/c4581d171de30449304b4859bbd3607e9b40da13c0f88b68e6097c8d785e/lxml-6.1.3-cp315-cp315t-musllinux_1_2_x86_64.whl", hash = "sha256:e99e09ab7741f1281e2677f4c0058c7f5267d182530b09c87e4f6aa26adf3887", size = 5260043, upload-time = "2026-09-02T14:51:34.841Z" },
    { url = "https://files.pythonhosted.org/packages/b8/d7/ed6ee6186a89e69ca4ea9658b2a278f46a5efe8b5d4db56c7197f18653fe/lxml-6.1.3-cp315-cp315t-win32.whl", hash = "sha256:ace1d2c83b2bd24db5940600541140e87a325e119cb32d5fa9ad720d7e76648e", size = 3901093, upload-time = "2026-09-02T14:51:37.234Z" },
    { url = "https://files.pythonhosted.org/packages/67/9d/11d10257a4a048d04195d638bb61f0246ce2448eb05f682bcbab25a257a8/lxml-6.1.3-cp315-cp315t-win_amd64.whl", hash = "sha256:b49638355ea3bebba70da783ccbc630fd72afa16bc46c54474bfa1f9a915bbc6", size = 4395446, upload-time = "2026-09-02T14:51:39.884Z" },
    { url = "https://files.pythonhosted.org/packages/f8/b7/44edd7de434181c582892e68d1ffe6775ca403ce14aea07cb5a218a936cf/lxml-6.1.3-cp315-cp315t-win_arm64.whl", hash = "sha256:5a721a98c649855963811b59b55755b30566e7f7fc40bdc9803d66dee9f811cf", size = 3822836, upload-time = "2026-09-02T14:51:42.471Z" },
]

[[package]]
name = "lxml-stubs"
version = "0.5.1"
source = { registry = "https://pypi.org/simple" }
sdist = { url = "https://files.pythonhosted.org/packages/99/da/1a3a3e5d159b249fc2970d73437496b908de8e4716a089c69591b4ffa6fd/lxml-stubs-0.5.1.tar.gz", hash = "sha256:e0ec2aa1ce92d91278b719091ce4515c12adc1d564359dfaf81efa7d4feab79d", size = 14778, upload-time = "2024-01-10T09:37:46.521Z" }
wheels = [
    { url = "https://files.pythonhosted.org/packages/1f/c9/e0f8e4e6e8a69e5959b06499582dca6349db6769cc7fdfb8a02a7c75a9ae/lxml_stubs-0.5.1-py3-none-any.whl", hash = "sha256:1f689e5dbc4b9247cb09ae820c7d34daeb1fdbd1db06123814b856dae7787272", size = 13584, upload-time = "2024-01-10T09:37:44.931Z" },
]

[[package]]
name = "medieval-mss"
version = "0.1.0"
source = { editable = "." }
dependencies = [
    { name = "lxml" },
    { name = "tei-msdesc-authorities" },
]

[package.dev-dependencies]
dev = [
    { name = "lxml-stubs" },
    { name = "pytest" },
]

[package.metadata]
requires-dist = [
    { name = "lxml", specifier = ">=6.0.0" },
    { name = "tei-msdesc-authorities", git = "https://github.com/msDesc/tei-msdesc-authorities" },
]

[package.metadata.requires-dev]
dev = [
    { name = "lxml-stubs", specifier = ">=0.5.1" },
    { name = "pytest", specifier = ">=8.4.0" },
]

[[package]]
name = "packaging"
version = "26.0"
source = { registry = "https://pypi.org/simple" }
sdist = { url = "https://files.pythonhosted.org/packages/65/ee/299d360cdc32edc7d2cf530f3accf79c4fca01e96ffc950d8a52213bd8e4/packaging-26.0.tar.gz", hash = "sha256:00243ae351a257117b6a241061796684b084ed1c516a08c48a3f7e147a9d80b4", size = 143416, upload-time = "2026-01-21T20:50:39.064Z" }
wheels = [
    { url = "https://files.pythonhosted.org/packages/b7/b9/c538f279a4e237a006a2c98387d081e9eb060d203d8ed34467cc0f0b9b53/packaging-26.0-py3-none-any.whl", hash = "sha256:b36f1fef9334a5588b4166f8bcd26a14e521f2b55e6b9de3aaa80d3ff7a37529", size = 74366, upload-time = "2026-01-21T20:50:37.788Z" },
]

[[package]]
name = "pluggy"
version = "1.6.0"
source = { registry = "https://pypi.org/simple" }
sdist = { url = "https://files.pythonhosted.org/packages/f9/e2/3e91f31a7d2b083fe6ef3fa267035b518369d9511ffab804f839851d2779/pluggy-1.6.0.tar.gz", hash = "sha256:7dcc130b76258d33b90f61b658791dede3486c3e6bfb003ee5c9bfb396dd22f3", size = 69412, upload-time = "2025-05-15T12:30:07.975Z" }
wheels = [
    { url = "https://files.pythonhosted.org/packages/54/20/4d324d65cc6d9205fabedc306948156824eb9f0ee1633355a8f7ec5c66bf/pluggy-1.6.0-py3-none-any.whl", hash = "sha256:e920276dd6813095e9377c0bc5566d94c932c33b27a3e3945d8389c374dd4746", size = 20538, upload-time = "2025-05-15T12:30:06.134Z" },
]

[[package]]
name = "pygments"
version = "2.20.0"
source = { registry = "https://pypi.org/simple" }
sdist = { url = "https://files.pythonhosted.org/packages/c3/b2/bc9c9196916376152d655522fdcebac55e66de6603a76a02bca1b6414f6c/pygments-2.20.0.tar.gz", hash = "sha256:6757cd03768053ff99f3039c1a36d6c0aa0b263438fcab17520b30a303a82b5f", size = 4955991, upload-time = "2026-03-29T13:29:33.898Z" }
wheels = [
    { url = "https://files.pythonhosted.org/packages/f4/7e/a72dd26f3b0f4f2bf1dd8923c85f7ceb43172af56d63c7383eb62b332364/pygments-2.20.0-py3-none-any.whl", hash = "sha256:81a9e26dd42fd28a23a2d169d86d7ac03b46e2f8b59ed4698fb4785f946d0176", size = 1231151, upload-time = "2026-03-29T13:29:30.038Z" },
]

[[package]]
name = "pytest"
version = "9.0.3"
source = { registry = "https://pypi.org/simple" }
dependencies = [
    { name = "colorama", marker = "sys_platform == 'win32'" },
    { name = "iniconfig" },
    { name = "packaging" },
    { name = "pluggy" },
    { name = "pygments" },
]
sdist = { url = "https://files.pythonhosted.org/packages/7d/0d/549bd94f1a0a402dc8cf64563a117c0f3765662e2e668477624baeec44d5/pytest-9.0.3.tar.gz", hash = "sha256:b86ada508af81d19edeb213c681b1d48246c1a91d304c6c81a427674c17eb91c", size = 1572165, upload-time = "2026-04-07T17:16:18.027Z" }
wheels = [
    { url = "https://files.pythonhosted.org/packages/d4/24/a372aaf5c9b7208e7112038812994107bc65a84cd00e0354a88c2c77a617/pytest-9.0.3-py3-none-any.whl", hash = "sha256:2c5efc453d45394fdd706ade797c0a81091eccd1d6e4bccfcd476e2b8e0ab5d9", size = 375249, upload-time = "2026-04-07T17:16:16.13Z" },
]

[[package]]
name = "tei-msdesc-authorities"
version = "0.1.0"
source = { git = "https://github.com/msDesc/tei-msdesc-authorities#1c4e478f5931dfa2e9bf4ca344936addb5ac308e" }
dependencies = [
    { name = "lxml" },
]
