version = 1
revision = 3
requires-python = ">=3.14"

[[package]]
name = "colorama"
version = "0.4.6"
source = { registry = "https://pypi.org/simple" }
sdist = { url = "https://files.pythonhosted.org/packages/d8/53/6f443c9a4a8358a93a6792e2acffb9d9d5cb0a5cfd8802644b7b1c9a02e4/colorama-0.4.6.tar.gz", hash = "sha256:08695f5cb7ed6e0531a20572697297273c47b8cae5a63ffc6d6ed5c201be6e44", size = 27697, upload-time = "2022-10-25T02:36:22.414Z" }
wheels = [
    { url = "https://files.pythonhosted.org/packages/d1/d6/3965ed04c63042e047cb6a3e6ed1a63a35087b6a609aa3a15ed8ac56c221/colorama-0.4.6-py2.py3-none-any.whl", hash = "sha256:4f1d9991f5acc0ca119f9d443620b77f9d6b33703e51011c16baf57afb285fc6", size = 25335, upload-time = "2022-10-25T02:36:20.889Z" },
]

[[package]]
name = "iniconfig"
version = "2.3.0"
source = { registry = "https://pypi.org/simple" }
sdist = { url = "https://files.pythonhosted.org/packages/72/34/14ca021ce8e5dfedc35312d08ba8bf51fdd999c576889fc2c24cb97f4f10/iniconfig-2.3.0.tar.gz", hash = "sha256:c76315c77db068650d49c5b56314774a7804df16fee4402c1f19d6d15d8c4730", size = 20503, upload-time = "2025-10-18T21:55:43.219Z" }
wheels = [
    { url = "https://files.pythonhosted.org/packages/cb/b1/3846dd7f199d53cb17f49cba7e651e9ce294d8497c8c150530ed11865bb8/iniconfig-2.3.0-py3-none-any.whl", hash = "sha256:f631c04d2c48c52b84d0d0549c99ff3859c98df65b3101406327ecc7d53fbf12", size = 7484, upload-time = "2025-10-18T21:55:41.639Z" },
]

[[package]]
name = "lxml"
version = "6.0.4"
source = { registry = "https://pypi.org/simple" }
sdist = { url = "https://files.pythonhosted.org/packages/ce/08/1217ca4043f55c3c92993b283a7dbfa456a2058d8b57bbb416cc96b6efff/lxml-6.0.4.tar.gz", hash = "sha256:4137516be2a90775f99d8ef80ec0283f8d78b5d8bd4630ff20163b72e7e9abf2", size = 4237780, upload-time = "2026-04-12T16:28:24.182Z" }
wheels = [
    { url = "https://files.pythonhosted.org/packages/10/18/36e28a809c509a67496202771f545219ac5a2f1cd61aae325991fcf5ab91/lxml-6.0.4-cp314-cp314-macosx_10_15_universal2.whl", hash = "sha256:569d3b18340863f603582d2124e742a68e85755eff5e47c26a55e298521e3a01", size = 8575045, upload-time = "2026-04-12T16:25:33.57Z" },
    { url = "https://files.pythonhosted.org/packages/11/38/a168c820e3b08d3b4fa0f4e6b53b3930086b36cc11e428106d38c36778cd/lxml-6.0.4-cp314-cp314-macosx_10_15_x86_64.whl", hash = "sha256:3b6245ee5241342d45e1a54a4a8bc52ef322333ada74f24aa335c4ab36f20161", size = 4622963, upload-time = "2026-04-12T16:25:36.818Z" },
    { url = "https://files.pythonhosted.org/packages/53/e0/2c9d6abdd82358cea3c0d8d6ca272a6af0f38156abce7827efb6d5b62d17/lxml-6.0.4-cp314-cp314-manylinux2014_aarch64.manylinux_2_17_aarch64.whl", hash = "sha256:79a1173ba3213a3693889a435417d4e9f3c07d96e30dc7cc3a712ed7361015fe", size = 4948832, upload-time = "2026-04-12T16:25:39.104Z" },
    { url = "https://files.pythonhosted.org/packages/96/d7/f2202852e91d7baf3a317f4523a9c14834145301e5b0f2e80c01c4bfbd49/lxml-6.0.4-cp314-cp314-manylinux2014_x86_64.manylinux_2_17_x86_64.whl", hash = "sha256:dc18bb975666b443ba23aedd2fcf57e9d0d97546b52a1de97a447c4061ba4110", size = 5085865, upload-time = "2026-04-12T16:25:41.226Z" },
    { url = "https://files.pythonhosted.org/packages/09/57/abee549324496e92708f71391c6060a164d3c95369656a1a15e9f20d8162/lxml-6.0.4-cp314-cp314-manylinux_2_26_aarch64.manylinux_2_28_aarch64.whl", hash = "sha256:2079f5dc83291ac190a52f8354b78648f221ecac19fb2972a2d056b555824de7", size = 5030001, upload-time = "2026-04-12T16:25:43.695Z" },
    { url = "https://files.pythonhosted.org/packages/c2/f8/432da7178c5917a16468af6c5da68fef7cf3357d4bd0e6f50272ec9a59b5/lxml-6.0.4-cp314-cp314-manylinux_2_26_ppc64le.manylinux_2_28_ppc64le.whl", hash = "sha256:3eda02da4ca16e9ca22bbe5654470c17fa1abcd967a52e4c2e50ff278221e351", size = 5646303, upload-time = "2026-04-12T16:25:46.577Z" },
    { url = "https://files.pythonhosted.org/packages/82/f9/e1c04ef667a6bf9c9dbd3bf04c50fa51d7ee25b258485bb748b27eb9a1c7/lxml-6.0.4-cp314-cp314-manylinux_2_26_x86_64.manylinux_2_28_x86_64.whl", hash = "sha256:c3787cdc3832b70e21ac2efafea2a82a8ccb5e85bec110dc68b26023e9d3caae", size = 5237940, upload-time = "2026-04-12T16:25:49.157Z" },
    { url = "https://files.pythonhosted.org/packages/d0/f0/cdea60d92df731725fc3c4f33e387b100f210acd45c92969e42d2ba993fa/lxml-6.0.4-cp314-cp314-manylinux_2_28_i686.whl", hash = "sha256:3f276d49c23103565d39440b9b3f4fc08fa22f5a96395ea4b4d4fea4458b1505", size = 5350050, upload-time = "2026-04-12T16:25:52.027Z" },
    { url = "https://files.pythonhosted.org/packages/2e/15/bf52c7a70b6081bb9e00d37cc90fcf60aa84468d9d173ad2fade38ec34c5/lxml-6.0.4-cp314-cp314-manylinux_2_31_armv7l.whl", hash = "sha256:fdfdad73736402375b11b3a137e48cd09634177516baf5fc0bd80d1ca85f3cda", size = 4696409, upload-time = "2026-04-12T16:25:55.141Z" },
    { url = "https://files.pythonhosted.org/packages/c5/69/9bade267332cc06f9a9aa773b5a11bdfb249af485df9e142993009ea1fc4/lxml-6.0.4-cp314-cp314-manylinux_2_38_riscv64.manylinux_2_39_riscv64.whl", hash = "sha256:75912421456946931daba0ec3cedfa824c756585d05bde97813a17992bfbd013", size = 5249072, upload-time = "2026-04-12T16:25:57.362Z" },
    { url = "https://files.pythonhosted.org/packages/14/ca/043bcacb096d6ed291cbbc58724e9625a453069d6edeb840b0bf18038d05/lxml-6.0.4-cp314-cp314-musllinux_1_2_aarch64.whl", hash = "sha256:48cd5a88da67233fd82f2920db344503c2818255217cd6ea462c9bb8254ba7cb", size = 5083779, upload-time = "2026-04-12T16:26:00.018Z" },
    { url = "https://files.pythonhosted.org/packages/04/89/f5fb18d76985969e84af13682e489acabee399bb54738a363925ea6e7390/lxml-6.0.4-cp314-cp314-musllinux_1_2_armv7l.whl", hash = "sha256:87af86a8fa55b9ff1e6ee4233d762296f2ce641ba948af783fb995c5a8a3371b", size = 4736953, upload-time = "2026-04-12T16:26:02.289Z" },
    { url = "https://files.pythonhosted.org/packages/84/ba/d1d7284bb4ba951f188c3fc0455943c1fcbd1c33d1324d6d57b7d4a45be6/lxml-6.0.4-cp314-cp314-musllinux_1_2_ppc64le.whl", hash = "sha256:a743714cd656ba7ccb29d199783906064c7b5ba3c0e2a79f0244ea0badc6a98c", size = 5669605, upload-time = "2026-04-12T16:26:04.694Z" },
    { url = "https://files.pythonhosted.org/packages/72/05/1463e55f2de27bb60feddc894dd7c0833bd501f8861392ed416291b38db5/lxml-6.0.4-cp314-cp314-musllinux_1_2_riscv64.whl", hash = "sha256:e31c76bd066fb4f81d9a32e5843bffdf939ab27afb1ffc1c924e749bfbdb00e3", size = 5236886, upload-time = "2026-04-12T16:26:07.659Z" },
    { url = "https://files.pythonhosted.org/packages/fe/fb/0b6ee9194ce3ac49db4cadaa8a9158f04779fc768b6c27c4e2945d71a99d/lxml-6.0.4-cp314-cp314-musllinux_1_2_x86_64.whl", hash = "sha256:f185fd6e7d550e9917d7103dccf51be589aba953e15994fb04646c1730019685", size = 5263382, upload-time = "2026-04-12T16:26:10.067Z" },
    { url = "https://files.pythonhosted.org/packages/9a/93/ec18a08e98dd82cac39f1d2511ee2bed5affb94d228356d8ef165a4ec3b9/lxml-6.0.4-cp314-cp314-win32.whl", hash = "sha256:774660028f8722a598400430d2746fb0075949f84a9a5cd9767d9152e3baaac5", size = 3656164, upload-time = "2026-04-12T16:26:59.568Z" },
    { url = "https://files.pythonhosted.org/packages/15/86/52507316abfc7150bf6bb191e39a12e301ee80334610a493884ae2f9d20d/lxml-6.0.4-cp314-cp314-win_amd64.whl", hash = "sha256:fbd7d14349413f5609c0b537b1a48117d6ccef1af37986af6b03766ad05bf43e", size = 4062512, upload-time = "2026-04-12T16:27:02.212Z" },
    { url = "https://files.pythonhosted.org/packages/f1/d5/09c593a2ef2234b8cd6cf059e2dc212e0654bf05c503f0ef2daf05adb680/lxml-6.0.4-cp314-cp314-win_arm64.whl", hash = "sha256:a61a01ec3fbfd5b73a69a7bf513271051fd6c5795d82fc5daa0255934cd8db3d", size = 3740745, upload-time = "2026-04-12T16:27:04.444Z" },
    { url = "https://files.pythonhosted.org/packages/4a/3c/42a98bf6693938bf7b285ec7f70ba2ae9d785d0e5b2cdb85d2ee29e287eb/lxml-6.0.4-cp314-cp314t-macosx_10_15_universal2.whl", hash = "sha256:504edb62df33cea502ea6e73847c647ba228623ca3f80a228be5723a70984dd5", size = 8826437, upload-time = "2026-04-12T16:26:12.911Z" },
    { url = "https://files.pythonhosted.org/packages/c2/c2/ad13f39b2db8709788aa2dcb6e90b81da76db3b5b2e7d35e0946cf984960/lxml-6.0.4-cp314-cp314t-macosx_10_15_x86_64.whl", hash = "sha256:f01b7b0316d4c0926d49a7f003b2d30539f392b140a3374bb788bad180bc8478", size = 4734892, upload-time = "2026-04-12T16:26:15.871Z" },
    { url = "https://files.pythonhosted.org/packages/2c/6d/c559d7b5922c5b0380fc2cb5ac134b6a3f9d79d368347a624ee5d68b0816/lxml-6.0.4-cp314-cp314t-manylinux2014_aarch64.manylinux_2_17_aarch64.whl", hash = "sha256:ab999933e662501efe4b16e6cfb7c9f9deca7d072cd1788b99c8defde78c0dfb", size = 4969173, upload-time = "2026-04-12T16:26:18.335Z" },
    { url = "https://files.pythonhosted.org/packages/c7/78/ca521e36157f38e3e1a29276855cdf48d213138fc0c8365693ff5c876ca7/lxml-6.0.4-cp314-cp314t-manylinux2014_x86_64.manylinux_2_17_x86_64.whl", hash = "sha256:67c3f084389fe75932c39b6869a377f6c8e21e818f31ae8a30c71dd2e59360e2", size = 5103134, upload-time = "2026-04-12T16:26:20.612Z" },
    { url = "https://files.pythonhosted.org/packages/28/a7/7d62d023bacaa0aaf60af8c0a77c6c05f84327396d755f3aa64b788678a9/lxml-6.0.4-cp314-cp314t-manylinux_2_26_aarch64.manylinux_2_28_aarch64.whl", hash = "sha256:377ea1d654f76ed6205c87d14920f829c9f4d31df83374d3cbcbdaae804d37b2", size = 5027205, upload-time = "2026-04-12T16:26:22.981Z" },
    { url = "https://files.pythonhosted.org/packages/34/be/51b194b81684f2e85e5d992771c45d70cb22ac6f7291ac6bc7b255830afe/lxml-6.0.4-cp314-cp314t-manylinux_2_26_ppc64le.manylinux_2_28_ppc64le.whl", hash = "sha256:e60cd0bcacbfd1a96d63516b622183fb2e3f202300df9eb5533391a8a939dbfa", size = 5594461, upload-time = "2026-04-12T16:26:25.316Z" },
    { url = "https://files.pythonhosted.org/packages/39/24/8850f38fbf89dd072ff31ba22f9e40347aeada7cadf710ecb04b8d9f32d4/lxml-6.0.4-cp314-cp314t-manylinux_2_26_x86_64.manylinux_2_28_x86_64.whl", hash = "sha256:6e9e30fd63d41dd0bbdb020af5cdfffd5d9b554d907cb210f18e8fcdc8eac013", size = 5223378, upload-time = "2026-04-12T16:26:28.68Z" },
    { url = "https://files.pythonhosted.org/packages/2a/9b/595239ba8c719b0fdc7bc9ebdb7564459c9a6b24b8b363df4a02674aeece/lxml-6.0.4-cp314-cp314t-manylinux_2_28_i686.whl", hash = "sha256:1fb4a1606bb68c533002e7ed50d7e55e58f0ef1696330670281cb79d5ab2050d", size = 5311415, upload-time = "2026-04-12T16:26:31.513Z" },
    { url = "https://files.pythonhosted.org/packages/be/cb/aa27ac8d041acf34691577838494ad08df78e83fdfdb66948d2903e9291e/lxml-6.0.4-cp314-cp314t-manylinux_2_31_armv7l.whl", hash = "sha256:695c7708438e449d57f404db8cc1b769e77ad5b50655f32f8175686ba752f293", size = 4637953, upload-time = "2026-04-12T16:26:33.806Z" },
    { url = "https://files.pythonhosted.org/packages/f6/f2/f19114fd86825c2d1ce41cd99daad218d30cfdd2093d4de9273986fb4d68/lxml-6.0.4-cp314-cp314t-manylinux_2_38_riscv64.manylinux_2_39_riscv64.whl", hash = "sha256:d49c35ae1e35ee9b569892cf8f8f88db9524f28d66e9daee547a5ef9f3c5f468", size = 5231532, upload-time = "2026-04-12T16:26:36.518Z" },
    { url = "https://files.pythonhosted.org/packages/9a/0e/c3fa354039ec0b6b09f40fbe1129efc572ac6239faa4906de42d5ce87c0a/lxml-6.0.4-cp314-cp314t-musllinux_1_2_aarch64.whl", hash = "sha256:5801072f8967625e6249d162065d0d6011ef8ce3d0efb8754496b5246b81a74b", size = 5083767, upload-time = "2026-04-12T16:26:39.332Z" },
    { url = "https://files.pythonhosted.org/packages/b3/4b/1a0dbb6d6ffae16e54a8a3796ded0ad2f9c3bc1ff3728bde33456f4e1d63/lxml-6.0.4-cp314-cp314t-musllinux_1_2_armv7l.whl", hash = "sha256:cbf768541526eba5ef1a49f991122e41b39781eafd0445a5a110fc09947a20b5", size = 4758079, upload-time = "2026-04-12T16:26:42.138Z" },
    { url = "https://files.pythonhosted.org/packages/a9/01/a246cf5f80f96766051de4b305d6552f80bdaefb37f04e019e42af0aba69/lxml-6.0.4-cp314-cp314t-musllinux_1_2_ppc64le.whl", hash = "sha256:eecce87cc09233786fc31c230268183bf6375126cfec1c8b3673fcdc8767b560", size = 5618686, upload-time = "2026-04-12T16:26:44.507Z" },
    { url = "https://files.pythonhosted.org/packages/eb/1f/b072a92369039ebef11b0a654be5134fcf3ed04c0f437faf9435ac9ba845/lxml-6.0.4-cp314-cp314t-musllinux_1_2_riscv64.whl", hash = "sha256:07dce892881179e11053066faca2da17b0eeb0bb7298f11bcf842a86db207dbd", size = 5227259, upload-time = "2026-04-12T16:26:47.083Z" },
    { url = "https://files.pythonhosted.org/packages/d5/a0/dc97034f9d4c0c4d30875147d81fd2c0c7f3d261b109db36ed746bf8ab1d/lxml-6.0.4-cp314-cp314t-musllinux_1_2_x86_64.whl", hash = "sha256:e4f97aee337b947e6699e5574c90d087d3e2ce517016241c07e7e98a28dca885", size = 5246190, upload-time = "2026-04-12T16:26:49.468Z" },
    { url = "https://files.pythonhosted.org/packages/f2/ef/85cb69835113583c2516fee07d0ffb4d824b557424b06ba5872c20ba6078/lxml-6.0.4-cp314-cp314t-win32.whl", hash = "sha256:064477c0d4c695aa1ea4b9c1c4ee9043ab740d12135b74c458cc658350adcd86", size = 3896005, upload-time = "2026-04-12T16:26:52.163Z" },
    { url = "https://files.pythonhosted.org/packages/3d/5e/2231f34cc54b8422b793593138d86d3fa4588fb2297d4ea0472390f25627/lxml-6.0.4-cp314-cp314t-win_amd64.whl", hash = "sha256:25bad2d8438f4ef5a7ad4a8d8bcaadde20c0daced8bdb56d46236b0a7d1cbdd0", size = 4391037, upload-time = "2026-04-12T16:26:54.398Z" },
    { url = "https://files.pythonhosted.org/packages/39/53/8ba3cd5984f8363635450c93f63e541a0721b362bb32ae0d8237d9674aee/lxml-6.0.4-cp314-cp314t-win_arm64.whl", hash = "sha256:1dcd9e6cb9b7df808ea33daebd1801f37a8f50e8c075013ed2a2343246727838", size = 3816184, upload-time = "2026-04-12T16:26:57.011Z" },
]

[[package]]
name = "lxml-stubs"
version = "0.5.1"
source = { registry = "https://pypi.org/simple" }
sdist = { url = "https://files.pythonhosted.org/packages/99/da/1a3a3e5d159b249fc2970d73437496b908de8e4716a089c69591b4ffa6fd/lxml-stubs-0.5.1.tar.gz", hash = "sha256:e0ec2aa1ce92d91278b719091ce4515c12adc1d564359dfaf81efa7d4feab79d", size = 14778, upload-time = "2024-01-10T09:37:46.521Z" }
wheels = [
    { url = "https://files.pythonhosted.org/packages/1f/c9/e0f8e4e6e8a69e5959b06499582dca6349db6769cc7fdfb8a02a7c75a9ae/lxml_stubs-0.5.1-py3-none-any.whl", hash = "sha256:1f689e5dbc4b9247cb09ae820c7d34daeb1fdbd1db06123814b856dae7787272", size = 13584, upload-time = "2024-01-10T09:37:44.931Z" },
]

[[package]]
name = "medieval-mss"
version = "0.1.0"
source = { editable = "." }
dependencies = [
    { name = "lxml" },
    { name = "tei-msdesc-authorities" },
]

[package.dev-dependencies]
dev = [
    { name = "lxml-stubs" },
    { name = "pytest" },
]

[package.metadata]
requires-dist = [
    { name = "lxml", specifier = ">=6.0.4" },
    { name = "tei-msdesc-authorities", git = "https://github.com/msDesc/tei-msdesc-authorities" },
]

[package.metadata.requires-dev]
dev = [
    { name = "lxml-stubs", specifier = ">=0.5.1" },
    { name = "pytest", specifier = ">=8.4.0" },
]

[[package]]
name = "packaging"
version = "26.0"
source = { registry = "https://pypi.org/simple" }
sdist = { url = "https://files.pythonhosted.org/packages/65/ee/299d360cdc32edc7d2cf530f3accf79c4fca01e96ffc950d8a52213bd8e4/packaging-26.0.tar.gz", hash = "sha256:00243ae351a257117b6a241061796684b084ed1c516a08c48a3f7e147a9d80b4", size = 143416, upload-time = "2026-01-21T20:50:39.064Z" }
wheels = [
    { url = "https://files.pythonhosted.org/packages/b7/b9/c538f279a4e237a006a2c98387d081e9eb060d203d8ed34467cc0f0b9b53/packaging-26.0-py3-none-any.whl", hash = "sha256:b36f1fef9334a5588b4166f8bcd26a14e521f2b55e6b9de3aaa80d3ff7a37529", size = 74366, upload-time = "2026-01-21T20:50:37.788Z" },
]

[[package]]
name = "pluggy"
version = "1.6.0"
source = { registry = "https://pypi.org/simple" }
sdist = { url = "https://files.pythonhosted.org/packages/f9/e2/3e91f31a7d2b083fe6ef3fa267035b518369d9511ffab804f839851d2779/pluggy-1.6.0.tar.gz", hash = "sha256:7dcc130b76258d33b90f61b658791dede3486c3e6bfb003ee5c9bfb396dd22f3", size = 69412, upload-time = "2025-05-15T12:30:07.975Z" }
wheels = [
    { url = "https://files.pythonhosted.org/packages/54/20/4d324d65cc6d9205fabedc306948156824eb9f0ee1633355a8f7ec5c66bf/pluggy-1.6.0-py3-none-any.whl", hash = "sha256:e920276dd6813095e9377c0bc5566d94c932c33b27a3e3945d8389c374dd4746", size = 20538, upload-time = "2025-05-15T12:30:06.134Z" },
]

[[package]]
name = "pygments"
version = "2.20.0"
source = { registry = "https://pypi.org/simple" }
sdist = { url = "https://files.pythonhosted.org/packages/c3/b2/bc9c9196916376152d655522fdcebac55e66de6603a76a02bca1b6414f6c/pygments-2.20.0.tar.gz", hash = "sha256:6757cd03768053ff99f3039c1a36d6c0aa0b263438fcab17520b30a303a82b5f", size = 4955991, upload-time = "2026-03-29T13:29:33.898Z" }
wheels = [
    { url = "https://files.pythonhosted.org/packages/f4/7e/a72dd26f3b0f4f2bf1dd8923c85f7ceb43172af56d63c7383eb62b332364/pygments-2.20.0-py3-none-any.whl", hash = "sha256:81a9e26dd42fd28a23a2d169d86d7ac03b46e2f8b59ed4698fb4785f946d0176", size = 1231151, upload-time = "2026-03-29T13:29:30.038Z" },
]

[[package]]
name = "pytest"
version = "9.0.3"
source = { registry = "https://pypi.org/simple" }
dependencies = [
    { name = "colorama", marker = "sys_platform == 'win32'" },
    { name = "iniconfig" },
    { name = "packaging" },
    { name = "pluggy" },
    { name = "pygments" },
]
sdist = { url = "https://files.pythonhosted.org/packages/7d/0d/549bd94f1a0a402dc8cf64563a117c0f3765662e2e668477624baeec44d5/pytest-9.0.3.tar.gz", hash = "sha256:b86ada508af81d19edeb213c681b1d48246c1a91d304c6c81a427674c17eb91c", size = 1572165, upload-time = "2026-04-07T17:16:18.027Z" }
wheels = [
    { url = "https://files.pythonhosted.org/packages/d4/24/a372aaf5c9b7208e7112038812994107bc65a84cd00e0354a88c2c77a617/pytest-9.0.3-py3-none-any.whl", hash = "sha256:2c5efc453d45394fdd706ade797c0a81091eccd1d6e4bccfcd476e2b8e0ab5d9", size = 375249, upload-time = "2026-04-07T17:16:16.13Z" },
]

[[package]]
name = "tei-msdesc-authorities"
version = "0.1.0"
source = { git = "https://github.com/msDesc/tei-msdesc-authorities#1c4e478f5931dfa2e9bf4ca344936addb5ac308e" }
dependencies = [
    { name = "lxml" },
]
